
Microsoft Visual Studio Solution File, Format Version 12.00
# Visual Studio Version 17
VisualStudioVersion = 17.4.33110.190
MinimumVisualStudioVersion = 10.0.40219.1
Project("{FAE04EC0-301F-11D3-BF4B-00C04F79EFBC}") = "AddressBook", "AddressBook.csproj", "{5CA02A24-7D4D-412F-A918-7FDE62D87E62}"
EndProject
Project("{2150E333-8FDC-42A3-9474-1A3956D46DE8}") = "Repository", "Repository", "{63DFD144-E403-4565-BD93-244C60F1A763}"
	ProjectSection(SolutionItems) = preProject
		ContactDetailsRepository.cs = ContactDetailsRepository.cs
	EndProjectSection
EndProject
Project("{2150E333-8FDC-42A3-9474-1A3956D46DE8}") = "Model", "Model", "{1F229A27-F0F2-4D65-A854-92DBCDE469EA}"
	ProjectSection(SolutionItems) = preProject
		ContactDetails.cs = ContactDetails.cs
	EndProjectSection
EndProject
Global
	GlobalSection(SolutionConfigurationPlatforms) = preSolution
		Debug|Any CPU = Debug|Any CPU
		Release|Any CPU = Release|Any CPU
	EndGlobalSection
	GlobalSection(ProjectConfigurationPlatforms) = postSolution
		{5CA02A24-7D4D-412F-A918-7FDE62D87E62}.Debug|Any CPU.ActiveCfg = Debug|Any CPU
		{5CA02A24-7D4D-412F-A918-7FDE62D87E62}.Debug|Any CPU.Build.0 = Debug|Any CPU
		{5CA02A24-7D4D-412F-A918-7FDE62D87E62}.Release|Any CPU.ActiveCfg = Release|Any CPU
		{5CA02A24-7D4D-412F-A918-7FDE62D87E62}.Release|Any CPU.Build.0 = Release|Any CPU
	EndGlobalSection
	GlobalSection(SolutionProperties) = preSolution
		HideSolutionNode = FALSE
	EndGlobalSection
	GlobalSection(ExtensibilityGlobals) = postSolution
		SolutionGuid = {3FF1D009-E4DC-425A-BD08-7DC1E61107CB}
	EndGlobalSection
EndGlobal
